
Microsoft Visual Studio Solution File, Format Version 12.00
# Visual Studio Version 16
VisualStudioVersion = 16.0.30011.22
MinimumVisualStudioVersion = 10.0.40219.1
Project("{FAE04EC0-301F-11D3-BF4B-00C04F79EFBC}") = "Chatterbox", "Chatterbox.csproj", "{621144F2-8397-480E-A42F-728572F4A791}"
EndProject
Global
	GlobalSection(SolutionConfigurationPlatforms) = preSolution
		Debug|Any CPU = Debug|Any CPU
		Release|Any CPU = Release|Any CPU
	EndGlobalSection
	GlobalSection(ProjectConfigurationPlatforms) = postSolution
		{621144F2-8397-480E-A42F-728572F4A791}.Debug|Any CPU.ActiveCfg = Debug|Any CPU
		{621144F2-8397-480E-A42F-728572F4A791}.Debug|Any CPU.Build.0 = Debug|Any CPU
		{621144F2-8397-480E-A42F-728572F4A791}.Release|Any CPU.ActiveCfg = Release|Any CPU
		{621144F2-8397-480E-A42F-728572F4A791}.Release|Any CPU.Build.0 = Release|Any CPU
	EndGlobalSection
	GlobalSection(SolutionProperties) = preSolution
		HideSolutionNode = FALSE
	EndGlobalSection
	GlobalSection(ExtensibilityGlobals) = postSolution
		SolutionGuid = {1018D5D7-FD52-471D-90BA-D4976DC2E046}
	EndGlobalSection
EndGlobal
