
Microsoft Visual Studio Solution File, Format Version 12.00
# Visual Studio Version 17
VisualStudioVersion = 17.5.33414.496
MinimumVisualStudioVersion = 10.0.40219.1
Project("{2150E333-8FDC-42A3-9474-1A3956D46DE8}") = "Repository Files", "Repository Files", "{330BCCCA-BB46-4195-89E8-350EC60ACABC}"
	ProjectSection(SolutionItems) = preProject
		LICENSE = LICENSE
		README.md = README.md
	EndProjectSection
EndProject
Project("{9A19103F-16F7-4668-BE54-9A1E7A4F7556}") = "Chatterbox.Core", "src\Chatterbox.Core\Chatterbox.Core.csproj", "{B0B53CE6-A712-4826-9F66-1A62503FACA7}"
EndProject
Project("{9A19103F-16F7-4668-BE54-9A1E7A4F7556}") = "Chatterbox", "src\Chatterbox\Chatterbox.csproj", "{166DC3D3-F268-4C93-8CD8-85865A8B171F}"
EndProject
Project("{9A19103F-16F7-4668-BE54-9A1E7A4F7556}") = "Chatterbox.Server", "src\Chatterbox.Server\Chatterbox.Server.csproj", "{5F311258-7AB2-4C16-8F47-50C6513B1D2D}"
EndProject
Global
	GlobalSection(SolutionConfigurationPlatforms) = preSolution
		Debug|Any CPU = Debug|Any CPU
		Release|Any CPU = Release|Any CPU
	EndGlobalSection
	GlobalSection(ProjectConfigurationPlatforms) = postSolution
		{B0B53CE6-A712-4826-9F66-1A62503FACA7}.Debug|Any CPU.ActiveCfg = Debug|Any CPU
		{B0B53CE6-A712-4826-9F66-1A62503FACA7}.Debug|Any CPU.Build.0 = Debug|Any CPU
		{B0B53CE6-A712-4826-9F66-1A62503FACA7}.Release|Any CPU.ActiveCfg = Release|Any CPU
		{B0B53CE6-A712-4826-9F66-1A62503FACA7}.Release|Any CPU.Build.0 = Release|Any CPU
		{166DC3D3-F268-4C93-8CD8-85865A8B171F}.Debug|Any CPU.ActiveCfg = Debug|Any CPU
		{166DC3D3-F268-4C93-8CD8-85865A8B171F}.Debug|Any CPU.Build.0 = Debug|Any CPU
		{166DC3D3-F268-4C93-8CD8-85865A8B171F}.Release|Any CPU.ActiveCfg = Release|Any CPU
		{166DC3D3-F268-4C93-8CD8-85865A8B171F}.Release|Any CPU.Build.0 = Release|Any CPU
		{5F311258-7AB2-4C16-8F47-50C6513B1D2D}.Debug|Any CPU.ActiveCfg = Debug|Any CPU
		{5F311258-7AB2-4C16-8F47-50C6513B1D2D}.Debug|Any CPU.Build.0 = Debug|Any CPU
		{5F311258-7AB2-4C16-8F47-50C6513B1D2D}.Release|Any CPU.ActiveCfg = Release|Any CPU
		{5F311258-7AB2-4C16-8F47-50C6513B1D2D}.Release|Any CPU.Build.0 = Release|Any CPU
	EndGlobalSection
	GlobalSection(SolutionProperties) = preSolution
		HideSolutionNode = FALSE
	EndGlobalSection
	GlobalSection(ExtensibilityGlobals) = postSolution
		SolutionGuid = {0A0B9F76-8F1B-4A36-8D23-192CCCC90697}
	EndGlobalSection
EndGlobal
